// !$*UTF8*$!
{
	archiveVersion = 1;
	classes = {
	};
	objectVersion = 46;
	objects = {

/* Begin PBXBuildFile section */
		1D3623260D0F684500981E51 /* DisplayBoardAppDelegate.m in Sources */ = {isa = PBXBuildFile; fileRef = 1D3623250D0F684500981E51 /* DisplayBoardAppDelegate.m */; };
		1D60589B0D05DD56006BFB54 /* main.m in Sources */ = {isa = PBXBuildFile; fileRef = 29B97316FDCFA39411CA2CEA /* main.m */; };
		1D60589F0D05DD5A006BFB54 /* Foundation.framework in Frameworks */ = {isa = PBXBuildFile; fileRef = 1D30AB110D05D00D00671497 /* Foundation.framework */; };
		1DF5F4E00D08C38300B7A737 /* UIKit.framework in Frameworks */ = {isa = PBXBuildFile; fileRef = 1DF5F4DF0D08C38300B7A737 /* UIKit.framework */; };
		288765A50DF7441C002DB57D /* CoreGraphics.framework in Frameworks */ = {isa = PBXBuildFile; fileRef = 288765A40DF7441C002DB57D /* CoreGraphics.framework */; };
		2899E5220DE3E06400AC0155 /* DisplayBoardViewController.xib in Resources */ = {isa = PBXBuildFile; fileRef = 2899E5210DE3E06400AC0155 /* DisplayBoardViewController.xib */; };
		28AD733F0D9D9553002E5188 /* MainWindow.xib in Resources */ = {isa = PBXBuildFile; fileRef = 28AD733E0D9D9553002E5188 /* MainWindow.xib */; };
		28D7ACF80DDB3853001CB0EB /* DisplayBoardViewController.m in Sources */ = {isa = PBXBuildFile; fileRef = 28D7ACF70DDB3853001CB0EB /* DisplayBoardViewController.m */; };
		E00157C514DF729500ADF17E /* MessageUI.framework in Frameworks */ = {isa = PBXBuildFile; fileRef = E00157C414DF729500ADF17E /* MessageUI.framework */; };
		E03D54C512AD22EB00A3F56A /* icon.png in Resources */ = {isa = PBXBuildFile; fileRef = E03D54C012AD22EB00A3F56A /* icon.png */; };
		E03D54C612AD22EB00A3F56A /* Icon-72.png in Resources */ = {isa = PBXBuildFile; fileRef = E03D54C112AD22EB00A3F56A /* Icon-72.png */; };
		E03D54C712AD22EB00A3F56A /* Icon-Small-50.png in Resources */ = {isa = PBXBuildFile; fileRef = E03D54C212AD22EB00A3F56A /* Icon-Small-50.png */; };
		E03D54C812AD22EB00A3F56A /* Icon@2x.png in Resources */ = {isa = PBXBuildFile; fileRef = E03D54C312AD22EB00A3F56A /* Icon@2x.png */; };
		E04710931295933700A9D6DE /* AboutMeView.xib in Resources */ = {isa = PBXBuildFile; fileRef = E04710911295933700A9D6DE /* AboutMeView.xib */; };
		E047B40415033990004041EF /* AGMedallionView.m in Sources */ = {isa = PBXBuildFile; fileRef = E047B40315033990004041EF /* AGMedallionView.m */; settings = {COMPILER_FLAGS = "-fno-objc-arc"; }; };
		E047B40715033C67004041EF /* self.png in Resources */ = {isa = PBXBuildFile; fileRef = E047B40515033C67004041EF /* self.png */; };
		E047B40815033C67004041EF /* self@2x.png in Resources */ = {isa = PBXBuildFile; fileRef = E047B40615033C67004041EF /* self@2x.png */; };
		E06D41B31503195C007B195F /* about.png in Resources */ = {isa = PBXBuildFile; fileRef = E06D41A91503195B007B195F /* about.png */; };
		E06D41B41503195C007B195F /* about@2x.png in Resources */ = {isa = PBXBuildFile; fileRef = E06D41AA1503195B007B195F /* about@2x.png */; };
		E06D41B51503195C007B195F /* clear.png in Resources */ = {isa = PBXBuildFile; fileRef = E06D41AB1503195B007B195F /* clear.png */; };
		E06D41B61503195C007B195F /* clear@2x.png in Resources */ = {isa = PBXBuildFile; fileRef = E06D41AC1503195B007B195F /* clear@2x.png */; };
		E06D41B71503195C007B195F /* display.png in Resources */ = {isa = PBXBuildFile; fileRef = E06D41AD1503195B007B195F /* display.png */; };
		E06D41B81503195C007B195F /* display@2x.png in Resources */ = {isa = PBXBuildFile; fileRef = E06D41AE1503195B007B195F /* display@2x.png */; };
		E06D41B91503195C007B195F /* help.png in Resources */ = {isa = PBXBuildFile; fileRef = E06D41AF1503195B007B195F /* help.png */; };
		E06D41BA1503195C007B195F /* help@2x.png in Resources */ = {isa = PBXBuildFile; fileRef = E06D41B01503195B007B195F /* help@2x.png */; };
		E06D41BB1503195C007B195F /* support.png in Resources */ = {isa = PBXBuildFile; fileRef = E06D41B11503195C007B195F /* support.png */; };
		E06D41BC1503195C007B195F /* support@2x.png in Resources */ = {isa = PBXBuildFile; fileRef = E06D41B21503195C007B195F /* support@2x.png */; };
		E07C6A59124A774D00E906FF /* FullScreenView.m in Sources */ = {isa = PBXBuildFile; fileRef = E07C6A57124A774D00E906FF /* FullScreenView.m */; };
		E07C6A5A124A774D00E906FF /* FullScreenView.xib in Resources */ = {isa = PBXBuildFile; fileRef = E07C6A58124A774D00E906FF /* FullScreenView.xib */; };
		E08A7EE9129AB0D00090667C /* AboutMeView.m in Sources */ = {isa = PBXBuildFile; fileRef = E08A7EE8129AB0D00090667C /* AboutMeView.m */; };
		E08A7EEB129AB0D70090667C /* HelpGuideView.m in Sources */ = {isa = PBXBuildFile; fileRef = E08A7EEA129AB0D70090667C /* HelpGuideView.m */; };
		E08A7EED129AB1CC0090667C /* HelpGuideView.xib in Resources */ = {isa = PBXBuildFile; fileRef = E08A7EEC129AB1CC0090667C /* HelpGuideView.xib */; };
		E0AF388512708951005D9B61 /* BSPreviewScrollView.m in Sources */ = {isa = PBXBuildFile; fileRef = E0AF388412708951005D9B61 /* BSPreviewScrollView.m */; settings = {COMPILER_FLAGS = "-fno-objc-arc"; }; };
		E0AF388F127089A1005D9B61 /* TappedView.m in Sources */ = {isa = PBXBuildFile; fileRef = E0AF388E127089A1005D9B61 /* TappedView.m */; };
		E0AF38B412708C22005D9B61 /* QuartzCore.framework in Frameworks */ = {isa = PBXBuildFile; fileRef = E0AF38B312708C22005D9B61 /* QuartzCore.framework */; };
		E0B9233B15033EAF0059F09B /* Tutorial_2.png in Resources */ = {isa = PBXBuildFile; fileRef = E0B9233515033EAF0059F09B /* Tutorial_2.png */; };
		E0B9233C15033EAF0059F09B /* Tutorial_2@2x.png in Resources */ = {isa = PBXBuildFile; fileRef = E0B9233615033EAF0059F09B /* Tutorial_2@2x.png */; };
		E0B9233D15033EAF0059F09B /* Tutorial_3.png in Resources */ = {isa = PBXBuildFile; fileRef = E0B9233715033EAF0059F09B /* Tutorial_3.png */; };
		E0B9233E15033EAF0059F09B /* Tutorial_3@2x.png in Resources */ = {isa = PBXBuildFile; fileRef = E0B9233815033EAF0059F09B /* Tutorial_3@2x.png */; };
		E0B9233F15033EAF0059F09B /* Tutorial.png in Resources */ = {isa = PBXBuildFile; fileRef = E0B9233915033EAF0059F09B /* Tutorial.png */; };
		E0B9234015033EAF0059F09B /* Tutorial@2x.png in Resources */ = {isa = PBXBuildFile; fileRef = E0B9233A15033EAF0059F09B /* Tutorial@2x.png */; };
		E0B9234515033FE90059F09B /* arrow_left.png in Resources */ = {isa = PBXBuildFile; fileRef = E0B9234115033FE90059F09B /* arrow_left.png */; };
		E0B9234615033FE90059F09B /* arrow_left@2x.png in Resources */ = {isa = PBXBuildFile; fileRef = E0B9234215033FE90059F09B /* arrow_left@2x.png */; };
		E0B9234715033FE90059F09B /* arrow_right.png in Resources */ = {isa = PBXBuildFile; fileRef = E0B9234315033FE90059F09B /* arrow_right.png */; };
		E0B9234815033FE90059F09B /* arrow_right@2x.png in Resources */ = {isa = PBXBuildFile; fileRef = E0B9234415033FE90059F09B /* arrow_right@2x.png */; };
		E0C915DC150341A200E3CF68 /* iTunesArtwork in Resources */ = {isa = PBXBuildFile; fileRef = E0C915DB150341A200E3CF68 /* iTunesArtwork */; };
		E0C915DE150341AB00E3CF68 /* Icon-72@2x.png in Resources */ = {isa = PBXBuildFile; fileRef = E0C915DD150341AB00E3CF68 /* Icon-72@2x.png */; };
		E0DB7784125645190022FAD9 /* TextController.m in Sources */ = {isa = PBXBuildFile; fileRef = E0DB7782125645190022FAD9 /* TextController.m */; };
		E0DB7785125645190022FAD9 /* TextController.xib in Resources */ = {isa = PBXBuildFile; fileRef = E0DB7783125645190022FAD9 /* TextController.xib */; };
/* End PBXBuildFile section */

/* Begin PBXFileReference section */
		1D30AB110D05D00D00671497 /* Foundation.framework */ = {isa = PBXFileReference; lastKnownFileType = wrapper.framework; name = Foundation.framework; path = System/Library/Frameworks/Foundation.framework; sourceTree = SDKROOT; };
		1D3623240D0F684500981E51 /* DisplayBoardAppDelegate.h */ = {isa = PBXFileReference; fileEncoding = 4; lastKnownFileType = sourcecode.c.h; path = DisplayBoardAppDelegate.h; sourceTree = "<group>"; };
		1D3623250D0F684500981E51 /* DisplayBoardAppDelegate.m */ = {isa = PBXFileReference; fileEncoding = 4; lastKnownFileType = sourcecode.c.objc; path = DisplayBoardAppDelegate.m; sourceTree = "<group>"; };
		1D6058910D05DD3D006BFB54 /* DisplayBoard.app */ = {isa = PBXFileReference; explicitFileType = wrapper.application; includeInIndex = 0; path = DisplayBoard.app; sourceTree = BUILT_PRODUCTS_DIR; };
		1DF5F4DF0D08C38300B7A737 /* UIKit.framework */ = {isa = PBXFileReference; lastKnownFileType = wrapper.framework; name = UIKit.framework; path = System/Library/Frameworks/UIKit.framework; sourceTree = SDKROOT; };
		288765A40DF7441C002DB57D /* CoreGraphics.framework */ = {isa = PBXFileReference; lastKnownFileType = wrapper.framework; name = CoreGraphics.framework; path = System/Library/Frameworks/CoreGraphics.framework; sourceTree = SDKROOT; };
		2899E5210DE3E06400AC0155 /* DisplayBoardViewController.xib */ = {isa = PBXFileReference; lastKnownFileType = file.xib; path = DisplayBoardViewController.xib; sourceTree = "<group>"; };
		28AD733E0D9D9553002E5188 /* MainWindow.xib */ = {isa = PBXFileReference; lastKnownFileType = file.xib; path = MainWindow.xib; sourceTree = "<group>"; };
		28D7ACF60DDB3853001CB0EB /* DisplayBoardViewController.h */ = {isa = PBXFileReference; fileEncoding = 4; lastKnownFileType = sourcecode.c.h; path = DisplayBoardViewController.h; sourceTree = "<group>"; };
		28D7ACF70DDB3853001CB0EB /* DisplayBoardViewController.m */ = {isa = PBXFileReference; fileEncoding = 4; lastKnownFileType = sourcecode.c.objc; path = DisplayBoardViewController.m; sourceTree = "<group>"; };
		29B97316FDCFA39411CA2CEA /* main.m */ = {isa = PBXFileReference; fileEncoding = 4; lastKnownFileType = sourcecode.c.objc; path = main.m; sourceTree = "<group>"; };
		32CA4F630368D1EE00C91783 /* DisplayBoard_Prefix.pch */ = {isa = PBXFileReference; fileEncoding = 4; lastKnownFileType = sourcecode.c.h; path = DisplayBoard_Prefix.pch; sourceTree = "<group>"; };
		8D1107310486CEB800E47090 /* DisplayBoard-Info.plist */ = {isa = PBXFileReference; fileEncoding = 4; lastKnownFileType = text.plist.xml; path = "DisplayBoard-Info.plist"; plistStructureDefinitionIdentifier = "com.apple.xcode.plist.structure-definition.iphone.info-plist"; sourceTree = "<group>"; };
		E00157C414DF729500ADF17E /* MessageUI.framework */ = {isa = PBXFileReference; lastKnownFileType = wrapper.framework; name = MessageUI.framework; path = System/Library/Frameworks/MessageUI.framework; sourceTree = SDKROOT; };
		E03D54C012AD22EB00A3F56A /* icon.png */ = {isa = PBXFileReference; lastKnownFileType = image.png; path = icon.png; sourceTree = "<group>"; };
		E03D54C112AD22EB00A3F56A /* Icon-72.png */ = {isa = PBXFileReference; lastKnownFileType = image.png; path = "Icon-72.png"; sourceTree = "<group>"; };
		E03D54C212AD22EB00A3F56A /* Icon-Small-50.png */ = {isa = PBXFileReference; lastKnownFileType = image.png; path = "Icon-Small-50.png"; sourceTree = "<group>"; };
		E03D54C312AD22EB00A3F56A /* Icon@2x.png */ = {isa = PBXFileReference; lastKnownFileType = image.png; path = "Icon@2x.png"; sourceTree = "<group>"; };
		E047108F1295933700A9D6DE /* AboutMeView.h */ = {isa = PBXFileReference; fileEncoding = 4; lastKnownFileType = sourcecode.c.h; name = AboutMeView.h; path = ../AboutMeView.h; sourceTree = "<group>"; };
		E04710911295933700A9D6DE /* AboutMeView.xib */ = {isa = PBXFileReference; fileEncoding = 4; lastKnownFileType = file.xib; path = AboutMeView.xib; sourceTree = "<group>"; };
		E047B40215033990004041EF /* AGMedallionView.h */ = {isa = PBXFileReference; fileEncoding = 4; lastKnownFileType = sourcecode.c.h; path = AGMedallionView.h; sourceTree = "<group>"; };
		E047B40315033990004041EF /* AGMedallionView.m */ = {isa = PBXFileReference; fileEncoding = 4; lastKnownFileType = sourcecode.c.objc; path = AGMedallionView.m; sourceTree = "<group>"; };
		E047B40515033C67004041EF /* self.png */ = {isa = PBXFileReference; lastKnownFileType = image.png; path = self.png; sourceTree = "<group>"; };
		E047B40615033C67004041EF /* self@2x.png */ = {isa = PBXFileReference; lastKnownFileType = image.png; path = "self@2x.png"; sourceTree = "<group>"; };
		E06D41A91503195B007B195F /* about.png */ = {isa = PBXFileReference; lastKnownFileType = image.png; name = about.png; path = "Buttons Images/about.png"; sourceTree = "<group>"; };
		E06D41AA1503195B007B195F /* about@2x.png */ = {isa = PBXFileReference; lastKnownFileType = image.png; name = "about@2x.png"; path = "Buttons Images/about@2x.png"; sourceTree = "<group>"; };
		E06D41AB1503195B007B195F /* clear.png */ = {isa = PBXFileReference; lastKnownFileType = image.png; name = clear.png; path = "Buttons Images/clear.png"; sourceTree = "<group>"; };
		E06D41AC1503195B007B195F /* clear@2x.png */ = {isa = PBXFileReference; lastKnownFileType = image.png; name = "clear@2x.png"; path = "Buttons Images/clear@2x.png"; sourceTree = "<group>"; };
		E06D41AD1503195B007B195F /* display.png */ = {isa = PBXFileReference; lastKnownFileType = image.png; name = display.png; path = "Buttons Images/display.png"; sourceTree = "<group>"; };
		E06D41AE1503195B007B195F /* display@2x.png */ = {isa = PBXFileReference; lastKnownFileType = image.png; name = "display@2x.png"; path = "Buttons Images/display@2x.png"; sourceTree = "<group>"; };
		E06D41AF1503195B007B195F /* help.png */ = {isa = PBXFileReference; lastKnownFileType = image.png; name = help.png; path = "Buttons Images/help.png"; sourceTree = "<group>"; };
		E06D41B01503195B007B195F /* help@2x.png */ = {isa = PBXFileReference; lastKnownFileType = image.png; name = "help@2x.png"; path = "Buttons Images/help@2x.png"; sourceTree = "<group>"; };
		E06D41B11503195C007B195F /* support.png */ = {isa = PBXFileReference; lastKnownFileType = image.png; name = support.png; path = "Buttons Images/support.png"; sourceTree = "<group>"; };
		E06D41B21503195C007B195F /* support@2x.png */ = {isa = PBXFileReference; lastKnownFileType = image.png; name = "support@2x.png"; path = "Buttons Images/support@2x.png"; sourceTree = "<group>"; };
		E07C6A56124A774D00E906FF /* FullScreenView.h */ = {isa = PBXFileReference; fileEncoding = 4; lastKnownFileType = sourcecode.c.h; path = FullScreenView.h; sourceTree = "<group>"; };
		E07C6A57124A774D00E906FF /* FullScreenView.m */ = {isa = PBXFileReference; fileEncoding = 4; lastKnownFileType = sourcecode.c.objc; path = FullScreenView.m; sourceTree = "<group>"; };
		E07C6A58124A774D00E906FF /* FullScreenView.xib */ = {isa = PBXFileReference; lastKnownFileType = file.xib; name = FullScreenView.xib; path = Classes/FullScreenView.xib; sourceTree = "<group>"; };
		E08A7EE7129AB0D00090667C /* HelpGuideView.h */ = {isa = PBXFileReference; fileEncoding = 4; lastKnownFileType = sourcecode.c.h; path = HelpGuideView.h; sourceTree = SOURCE_ROOT; };
		E08A7EE8129AB0D00090667C /* AboutMeView.m */ = {isa = PBXFileReference; fileEncoding = 4; lastKnownFileType = sourcecode.c.objc; path = AboutMeView.m; sourceTree = SOURCE_ROOT; };
		E08A7EEA129AB0D70090667C /* HelpGuideView.m */ = {isa = PBXFileReference; fileEncoding = 4; lastKnownFileType = sourcecode.c.objc; path = HelpGuideView.m; sourceTree = SOURCE_ROOT; };
		E08A7EEC129AB1CC0090667C /* HelpGuideView.xib */ = {isa = PBXFileReference; lastKnownFileType = file.xib; path = HelpGuideView.xib; sourceTree = "<group>"; };
		E0AF388312708951005D9B61 /* BSPreviewScrollView.h */ = {isa = PBXFileReference; fileEncoding = 4; lastKnownFileType = sourcecode.c.h; path = BSPreviewScrollView.h; sourceTree = "<group>"; };
		E0AF388412708951005D9B61 /* BSPreviewScrollView.m */ = {isa = PBXFileReference; fileEncoding = 4; lastKnownFileType = sourcecode.c.objc; path = BSPreviewScrollView.m; sourceTree = "<group>"; };
		E0AF388D127089A1005D9B61 /* TappedView.h */ = {isa = PBXFileReference; fileEncoding = 4; lastKnownFileType = sourcecode.c.h; path = TappedView.h; sourceTree = "<group>"; };
		E0AF388E127089A1005D9B61 /* TappedView.m */ = {isa = PBXFileReference; fileEncoding = 4; lastKnownFileType = sourcecode.c.objc; path = TappedView.m; sourceTree = "<group>"; };
		E0AF38B312708C22005D9B61 /* QuartzCore.framework */ = {isa = PBXFileReference; lastKnownFileType = wrapper.framework; name = QuartzCore.framework; path = System/Library/Frameworks/QuartzCore.framework; sourceTree = SDKROOT; };
		E0B9233515033EAF0059F09B /* Tutorial_2.png */ = {isa = PBXFileReference; lastKnownFileType = image.png; path = Tutorial_2.png; sourceTree = "<group>"; };
		E0B9233615033EAF0059F09B /* Tutorial_2@2x.png */ = {isa = PBXFileReference; lastKnownFileType = image.png; path = "Tutorial_2@2x.png"; sourceTree = "<group>"; };
		E0B9233715033EAF0059F09B /* Tutorial_3.png */ = {isa = PBXFileReference; lastKnownFileType = image.png; path = Tutorial_3.png; sourceTree = "<group>"; };
		E0B9233815033EAF0059F09B /* Tutorial_3@2x.png */ = {isa = PBXFileReference; lastKnownFileType = image.png; path = "Tutorial_3@2x.png"; sourceTree = "<group>"; };
		E0B9233915033EAF0059F09B /* Tutorial.png */ = {isa = PBXFileReference; lastKnownFileType = image.png; path = Tutorial.png; sourceTree = "<group>"; };
		E0B9233A15033EAF0059F09B /* Tutorial@2x.png */ = {isa = PBXFileReference; lastKnownFileType = image.png; path = "Tutorial@2x.png"; sourceTree = "<group>"; };
		E0B9234115033FE90059F09B /* arrow_left.png */ = {isa = PBXFileReference; lastKnownFileType = image.png; path = arrow_left.png; sourceTree = "<group>"; };
		E0B9234215033FE90059F09B /* arrow_left@2x.png */ = {isa = PBXFileReference; lastKnownFileType = image.png; path = "arrow_left@2x.png"; sourceTree = "<group>"; };
		E0B9234315033FE90059F09B /* arrow_right.png */ = {isa = PBXFileReference; lastKnownFileType = image.png; path = arrow_right.png; sourceTree = "<group>"; };
		E0B9234415033FE90059F09B /* arrow_right@2x.png */ = {isa = PBXFileReference; lastKnownFileType = image.png; path = "arrow_right@2x.png"; sourceTree = "<group>"; };
		E0C915DB150341A200E3CF68 /* iTunesArtwork */ = {isa = PBXFileReference; lastKnownFileType = file; path = iTunesArtwork; sourceTree = "<group>"; };
		E0C915DD150341AB00E3CF68 /* Icon-72@2x.png */ = {isa = PBXFileReference; lastKnownFileType = image.png; path = "Icon-72@2x.png"; sourceTree = "<group>"; };
		E0DB7781125645190022FAD9 /* TextController.h */ = {isa = PBXFileReference; fileEncoding = 4; lastKnownFileType = sourcecode.c.h; name = TextController.h; path = ../TextController.h; sourceTree = "<group>"; };
		E0DB7782125645190022FAD9 /* TextController.m */ = {isa = PBXFileReference; fileEncoding = 4; lastKnownFileType = sourcecode.c.objc; name = TextController.m; path = ../TextController.m; sourceTree = "<group>"; };
		E0DB7783125645190022FAD9 /* TextController.xib */ = {isa = PBXFileReference; lastKnownFileType = file.xib; path = TextController.xib; sourceTree = "<group>"; };
/* End PBXFileReference section */

/* Begin PBXFrameworksBuildPhase section */
		1D60588F0D05DD3D006BFB54 /* Frameworks */ = {
			isa = PBXFrameworksBuildPhase;
			buildActionMask = 2147483647;
			files = (
				E00157C514DF729500ADF17E /* MessageUI.framework in Frameworks */,
				1D60589F0D05DD5A006BFB54 /* Foundation.framework in Frameworks */,
				1DF5F4E00D08C38300B7A737 /* UIKit.framework in Frameworks */,
				288765A50DF7441C002DB57D /* CoreGraphics.framework in Frameworks */,
				E0AF38B412708C22005D9B61 /* QuartzCore.framework in Frameworks */,
			);
			runOnlyForDeploymentPostprocessing = 0;
		};
/* End PBXFrameworksBuildPhase section */

/* Begin PBXGroup section */
		080E96DDFE201D6D7F000001 /* Classes */ = {
			isa = PBXGroup;
			children = (
				E047B40215033990004041EF /* AGMedallionView.h */,
				E047B40315033990004041EF /* AGMedallionView.m */,
				E0AF388612708959005D9B61 /* ScrollViewFrameworks */,
				E047108F1295933700A9D6DE /* AboutMeView.h */,
				E08A7EE8129AB0D00090667C /* AboutMeView.m */,
				E08A7EE7129AB0D00090667C /* HelpGuideView.h */,
				E08A7EEA129AB0D70090667C /* HelpGuideView.m */,
				1D3623240D0F684500981E51 /* DisplayBoardAppDelegate.h */,
				1D3623250D0F684500981E51 /* DisplayBoardAppDelegate.m */,
				28D7ACF60DDB3853001CB0EB /* DisplayBoardViewController.h */,
				28D7ACF70DDB3853001CB0EB /* DisplayBoardViewController.m */,
				E07C6A56124A774D00E906FF /* FullScreenView.h */,
				E07C6A57124A774D00E906FF /* FullScreenView.m */,
				E0DB7781125645190022FAD9 /* TextController.h */,
				E0DB7782125645190022FAD9 /* TextController.m */,
			);
			path = Classes;
			sourceTree = "<group>";
		};
		19C28FACFE9D520D11CA2CBB /* Products */ = {
			isa = PBXGroup;
			children = (
				1D6058910D05DD3D006BFB54 /* DisplayBoard.app */,
			);
			name = Products;
			sourceTree = "<group>";
		};
		29B97314FDCFA39411CA2CEA /* CustomTemplate */ = {
			isa = PBXGroup;
			children = (
				080E96DDFE201D6D7F000001 /* Classes */,
				29B97315FDCFA39411CA2CEA /* Other Sources */,
				29B97317FDCFA39411CA2CEA /* Resources */,
				29B97323FDCFA39411CA2CEA /* Frameworks */,
				19C28FACFE9D520D11CA2CBB /* Products */,
			);
			name = CustomTemplate;
			sourceTree = "<group>";
		};
		29B97315FDCFA39411CA2CEA /* Other Sources */ = {
			isa = PBXGroup;
			children = (
				32CA4F630368D1EE00C91783 /* DisplayBoard_Prefix.pch */,
				29B97316FDCFA39411CA2CEA /* main.m */,
			);
			name = "Other Sources";
			sourceTree = "<group>";
		};
		29B97317FDCFA39411CA2CEA /* Resources */ = {
			isa = PBXGroup;
			children = (
				E0B9233515033EAF0059F09B /* Tutorial_2.png */,
				E0B9233615033EAF0059F09B /* Tutorial_2@2x.png */,
				E0B9233715033EAF0059F09B /* Tutorial_3.png */,
				E0B9233815033EAF0059F09B /* Tutorial_3@2x.png */,
				E0B9233915033EAF0059F09B /* Tutorial.png */,
				E0B9233A15033EAF0059F09B /* Tutorial@2x.png */,
				E06D41A91503195B007B195F /* about.png */,
				E06D41AA1503195B007B195F /* about@2x.png */,
				E06D41AB1503195B007B195F /* clear.png */,
				E06D41AC1503195B007B195F /* clear@2x.png */,
				E06D41AD1503195B007B195F /* display.png */,
				E06D41AE1503195B007B195F /* display@2x.png */,
				E06D41AF1503195B007B195F /* help.png */,
				E06D41B01503195B007B195F /* help@2x.png */,
				E06D41B11503195C007B195F /* support.png */,
				E06D41B21503195C007B195F /* support@2x.png */,
				E047B40515033C67004041EF /* self.png */,
				E047B40615033C67004041EF /* self@2x.png */,
				E03D54BE12AD22B600A3F56A /* Icons */,
				E0B9234115033FE90059F09B /* arrow_left.png */,
				E0B9234215033FE90059F09B /* arrow_left@2x.png */,
				E0B9234315033FE90059F09B /* arrow_right.png */,
				E0B9234415033FE90059F09B /* arrow_right@2x.png */,
				E0A6C2651254F24F00EC7807 /* XIBS */,
				8D1107310486CEB800E47090 /* DisplayBoard-Info.plist */,
			);
			name = Resources;
			sourceTree = "<group>";
		};
		29B97323FDCFA39411CA2CEA /* Frameworks */ = {
			isa = PBXGroup;
			children = (
				E00157C414DF729500ADF17E /* MessageUI.framework */,
				1DF5F4DF0D08C38300B7A737 /* UIKit.framework */,
				1D30AB110D05D00D00671497 /* Foundation.framework */,
				288765A40DF7441C002DB57D /* CoreGraphics.framework */,
				E0AF38B312708C22005D9B61 /* QuartzCore.framework */,
			);
			name = Frameworks;
			sourceTree = "<group>";
		};
		E03D54BE12AD22B600A3F56A /* Icons */ = {
			isa = PBXGroup;
			children = (
				E03D54C012AD22EB00A3F56A /* icon.png */,
				E03D54C112AD22EB00A3F56A /* Icon-72.png */,
				E0C915DD150341AB00E3CF68 /* Icon-72@2x.png */,
				E03D54C212AD22EB00A3F56A /* Icon-Small-50.png */,
				E03D54C312AD22EB00A3F56A /* Icon@2x.png */,
				E0C915DB150341A200E3CF68 /* iTunesArtwork */,
			);
			name = Icons;
			sourceTree = "<group>";
		};
		E0A6C2651254F24F00EC7807 /* XIBS */ = {
			isa = PBXGroup;
			children = (
				E08A7EEC129AB1CC0090667C /* HelpGuideView.xib */,
				E04710911295933700A9D6DE /* AboutMeView.xib */,
				E07C6A58124A774D00E906FF /* FullScreenView.xib */,
				E0DB7783125645190022FAD9 /* TextController.xib */,
				2899E5210DE3E06400AC0155 /* DisplayBoardViewController.xib */,
				28AD733E0D9D9553002E5188 /* MainWindow.xib */,
			);
			name = XIBS;
			sourceTree = "<group>";
		};
		E0AF388612708959005D9B61 /* ScrollViewFrameworks */ = {
			isa = PBXGroup;
			children = (
				E0AF388D127089A1005D9B61 /* TappedView.h */,
				E0AF388E127089A1005D9B61 /* TappedView.m */,
				E0AF388312708951005D9B61 /* BSPreviewScrollView.h */,
				E0AF388412708951005D9B61 /* BSPreviewScrollView.m */,
			);
			name = ScrollViewFrameworks;
			sourceTree = "<group>";
		};
/* End PBXGroup section */

/* Begin PBXNativeTarget section */
		1D6058900D05DD3D006BFB54 /* DisplayBoard */ = {
			isa = PBXNativeTarget;
			buildConfigurationList = 1D6058960D05DD3E006BFB54 /* Build configuration list for PBXNativeTarget "DisplayBoard" */;
			buildPhases = (
				1D60588D0D05DD3D006BFB54 /* Resources */,
				1D60588E0D05DD3D006BFB54 /* Sources */,
				1D60588F0D05DD3D006BFB54 /* Frameworks */,
			);
			buildRules = (
			);
			dependencies = (
			);
			name = DisplayBoard;
			productName = DisplayBoard;
			productReference = 1D6058910D05DD3D006BFB54 /* DisplayBoard.app */;
			productType = "com.apple.product-type.application";
		};
/* End PBXNativeTarget section */

/* Begin PBXProject section */
		29B97313FDCFA39411CA2CEA /* Project object */ = {
			isa = PBXProject;
			attributes = {
				LastUpgradeCheck = 0430;
			};
			buildConfigurationList = C01FCF4E08A954540054247B /* Build configuration list for PBXProject "DisplayBoard" */;
			compatibilityVersion = "Xcode 3.2";
			developmentRegion = English;
			hasScannedForEncodings = 1;
			knownRegions = (
				English,
				Japanese,
				French,
				German,
			);
			mainGroup = 29B97314FDCFA39411CA2CEA /* CustomTemplate */;
			projectDirPath = "";
			projectRoot = "";
			targets = (
				1D6058900D05DD3D006BFB54 /* DisplayBoard */,
			);
		};
/* End PBXProject section */

/* Begin PBXResourcesBuildPhase section */
		1D60588D0D05DD3D006BFB54 /* Resources */ = {
			isa = PBXResourcesBuildPhase;
			buildActionMask = 2147483647;
			files = (
				28AD733F0D9D9553002E5188 /* MainWindow.xib in Resources */,
				2899E5220DE3E06400AC0155 /* DisplayBoardViewController.xib in Resources */,
				E07C6A5A124A774D00E906FF /* FullScreenView.xib in Resources */,
				E0DB7785125645190022FAD9 /* TextController.xib in Resources */,
				E04710931295933700A9D6DE /* AboutMeView.xib in Resources */,
				E08A7EED129AB1CC0090667C /* HelpGuideView.xib in Resources */,
				E03D54C512AD22EB00A3F56A /* icon.png in Resources */,
				E03D54C612AD22EB00A3F56A /* Icon-72.png in Resources */,
				E03D54C712AD22EB00A3F56A /* Icon-Small-50.png in Resources */,
				E03D54C812AD22EB00A3F56A /* Icon@2x.png in Resources */,
				E06D41B31503195C007B195F /* about.png in Resources */,
				E06D41B41503195C007B195F /* about@2x.png in Resources */,
				E06D41B51503195C007B195F /* clear.png in Resources */,
				E06D41B61503195C007B195F /* clear@2x.png in Resources */,
				E06D41B71503195C007B195F /* display.png in Resources */,
				E06D41B81503195C007B195F /* display@2x.png in Resources */,
				E06D41B91503195C007B195F /* help.png in Resources */,
				E06D41BA1503195C007B195F /* help@2x.png in Resources */,
				E06D41BB1503195C007B195F /* support.png in Resources */,
				E06D41BC1503195C007B195F /* support@2x.png in Resources */,
				E047B40715033C67004041EF /* self.png in Resources */,
				E047B40815033C67004041EF /* self@2x.png in Resources */,
				E0B9233B15033EAF0059F09B /* Tutorial_2.png in Resources */,
				E0B9233C15033EAF0059F09B /* Tutorial_2@2x.png in Resources */,
				E0B9233D15033EAF0059F09B /* Tutorial_3.png in Resources */,
				E0B9233E15033EAF0059F09B /* Tutorial_3@2x.png in Resources */,
				E0B9233F15033EAF0059F09B /* Tutorial.png in Resources */,
				E0B9234015033EAF0059F09B /* Tutorial@2x.png in Resources */,
				E0B9234515033FE90059F09B /* arrow_left.png in Resources */,
				E0B9234615033FE90059F09B /* arrow_left@2x.png in Resources */,
				E0B9234715033FE90059F09B /* arrow_right.png in Resources */,
				E0B9234815033FE90059F09B /* arrow_right@2x.png in Resources */,
				E0C915DC150341A200E3CF68 /* iTunesArtwork in Resources */,
				E0C915DE150341AB00E3CF68 /* Icon-72@2x.png in Resources */,
			);
			runOnlyForDeploymentPostprocessing = 0;
		};
/* End PBXResourcesBuildPhase section */

/* Begin PBXSourcesBuildPhase section */
		1D60588E0D05DD3D006BFB54 /* Sources */ = {
			isa = PBXSourcesBuildPhase;
			buildActionMask = 2147483647;
			files = (
				1D60589B0D05DD56006BFB54 /* main.m in Sources */,
				1D3623260D0F684500981E51 /* DisplayBoardAppDelegate.m in Sources */,
				28D7ACF80DDB3853001CB0EB /* DisplayBoardViewController.m in Sources */,
				E07C6A59124A774D00E906FF /* FullScreenView.m in Sources */,
				E0DB7784125645190022FAD9 /* TextController.m in Sources */,
				E0AF388512708951005D9B61 /* BSPreviewScrollView.m in Sources */,
				E0AF388F127089A1005D9B61 /* TappedView.m in Sources */,
				E08A7EE9129AB0D00090667C /* AboutMeView.m in Sources */,
				E08A7EEB129AB0D70090667C /* HelpGuideView.m in Sources */,
				E047B40415033990004041EF /* AGMedallionView.m in Sources */,
			);
			runOnlyForDeploymentPostprocessing = 0;
		};
/* End PBXSourcesBuildPhase section */

/* Begin XCBuildConfiguration section */
		1D6058940D05DD3E006BFB54 /* Debug 4.1 */ = {
			isa = XCBuildConfiguration;
			buildSettings = {
				ALWAYS_SEARCH_USER_PATHS = NO;
				CLANG_ENABLE_OBJC_ARC = YES;
				COPY_PHASE_STRIP = NO;
				GCC_DYNAMIC_NO_PIC = NO;
				GCC_OPTIMIZATION_LEVEL = 0;
				GCC_PRECOMPILE_PREFIX_HEADER = YES;
				GCC_PREFIX_HEADER = DisplayBoard_Prefix.pch;
				GCC_VERSION = com.apple.compilers.llvm.clang.1_0;
				INFOPLIST_FILE = "DisplayBoard-Info.plist";
				IPHONEOS_DEPLOYMENT_TARGET = 3.2;
				PRODUCT_NAME = DisplayBoard;
			};
			name = "Debug 4.1";
		};
		1D6058950D05DD3E006BFB54 /* Release */ = {
			isa = XCBuildConfiguration;
			buildSettings = {
				ALWAYS_SEARCH_USER_PATHS = NO;
				CLANG_ENABLE_OBJC_ARC = YES;
				COPY_PHASE_STRIP = YES;
				GCC_PRECOMPILE_PREFIX_HEADER = YES;
				GCC_PREFIX_HEADER = DisplayBoard_Prefix.pch;
				GCC_VERSION = com.apple.compilers.llvm.clang.1_0;
				INFOPLIST_FILE = "DisplayBoard-Info.plist";
				IPHONEOS_DEPLOYMENT_TARGET = 3.2;
				PRODUCT_NAME = DisplayBoard;
				VALIDATE_PRODUCT = YES;
			};
			name = Release;
		};
		C01FCF4F08A954540054247B /* Debug 4.1 */ = {
			isa = XCBuildConfiguration;
			buildSettings = {
				ARCHS = "$(ARCHS_UNIVERSAL_IPHONE_OS)";
				"CODE_SIGN_IDENTITY[sdk=iphoneos*]" = "iPhone Developer";
				GCC_C_LANGUAGE_STANDARD = c99;
				GCC_WARN_ABOUT_MISSING_PROTOTYPES = YES;
				GCC_WARN_ABOUT_RETURN_TYPE = YES;
				GCC_WARN_UNUSED_VARIABLE = YES;
				"PROVISIONING_PROFILE[sdk=iphoneos*]" = "";
				SDKROOT = iphoneos;
				TARGETED_DEVICE_FAMILY = 2;
			};
			name = "Debug 4.1";
		};
		C01FCF5008A954540054247B /* Release */ = {
			isa = XCBuildConfiguration;
			buildSettings = {
				ARCHS = "$(ARCHS_UNIVERSAL_IPHONE_OS)";
				"CODE_SIGN_IDENTITY[sdk=iphoneos*]" = "iPhone Distribution";
				GCC_C_LANGUAGE_STANDARD = c99;
				GCC_VERSION = 4.2;
				GCC_WARN_ABOUT_MISSING_PROTOTYPES = YES;
				GCC_WARN_ABOUT_RETURN_TYPE = YES;
				GCC_WARN_UNUSED_VARIABLE = YES;
				OTHER_CFLAGS = "-DNS_BLOCK_ASSERTIONS=1";
				"PROVISIONING_PROFILE[sdk=iphoneos*]" = "";
				SDKROOT = iphoneos;
				TARGETED_DEVICE_FAMILY = 2;
			};
			name = Release;
		};
		E012158D1254F15800CE126F /* Debug 4.2 */ = {
			isa = XCBuildConfiguration;
			buildSettings = {
				ARCHS = "$(ARCHS_UNIVERSAL_IPHONE_OS)";
				"CODE_SIGN_IDENTITY[sdk=iphoneos*]" = "iPhone Developer";
				GCC_C_LANGUAGE_STANDARD = c99;
				GCC_WARN_ABOUT_MISSING_PROTOTYPES = YES;
				GCC_WARN_ABOUT_RETURN_TYPE = YES;
				GCC_WARN_UNUSED_VARIABLE = YES;
				IPHONEOS_DEPLOYMENT_TARGET = 3.2;
				"PROVISIONING_PROFILE[sdk=iphoneos*]" = "";
				SDKROOT = iphoneos;
				TARGETED_DEVICE_FAMILY = 2;
			};
			name = "Debug 4.2";
		};
		E012158E1254F15800CE126F /* Debug 4.2 */ = {
			isa = XCBuildConfiguration;
			buildSettings = {
				ALWAYS_SEARCH_USER_PATHS = NO;
				CLANG_ENABLE_OBJC_ARC = YES;
				COPY_PHASE_STRIP = NO;
				GCC_DYNAMIC_NO_PIC = NO;
				GCC_OPTIMIZATION_LEVEL = 0;
				GCC_PRECOMPILE_PREFIX_HEADER = YES;
				GCC_PREFIX_HEADER = DisplayBoard_Prefix.pch;
				GCC_VERSION = com.apple.compilers.llvm.clang.1_0;
				INFOPLIST_FILE = "DisplayBoard-Info.plist";
				IPHONEOS_DEPLOYMENT_TARGET = 3.2;
				PRODUCT_NAME = DisplayBoard;
			};
			name = "Debug 4.2";
		};
/* End XCBuildConfiguration section */

/* Begin XCConfigurationList section */
		1D6058960D05DD3E006BFB54 /* Build configuration list for PBXNativeTarget "DisplayBoard" */ = {
			isa = XCConfigurationList;
			buildConfigurations = (
				1D6058940D05DD3E006BFB54 /* Debug 4.1 */,
				E012158E1254F15800CE126F /* Debug 4.2 */,
				1D6058950D05DD3E006BFB54 /* Release */,
			);
			defaultConfigurationIsVisible = 0;
			defaultConfigurationName = Release;
		};
		C01FCF4E08A954540054247B /* Build configuration list for PBXProject "DisplayBoard" */ = {
			isa = XCConfigurationList;
			buildConfigurations = (
				C01FCF4F08A954540054247B /* Debug 4.1 */,
				E012158D1254F15800CE126F /* Debug 4.2 */,
				C01FCF5008A954540054247B /* Release */,
			);
			defaultConfigurationIsVisible = 0;
			defaultConfigurationName = Release;
		};
/* End XCConfigurationList section */
	};
	rootObject = 29B97313FDCFA39411CA2CEA /* Project object */;
}
